
Microsoft Visual Studio Solution File, Format Version 12.00
# Visual Studio Version 17
VisualStudioVersion = 17.8.34408.163
MinimumVisualStudioVersion = 10.0.40219.1
Project("{888888A0-9F3D-457C-B088-3A5042F75D52}") = "Module 1. Topic 2. Lesson 2. Task 2", "Module 1. Topic 2. Lesson 2. Task 2.pyproj", "{A4A88606-063A-483F-A1E7-5E3D0E0127D6}"
EndProject
Global
	GlobalSection(SolutionConfigurationPlatforms) = preSolution
		Debug|Any CPU = Debug|Any CPU
		Release|Any CPU = Release|Any CPU
	EndGlobalSection
	GlobalSection(ProjectConfigurationPlatforms) = postSolution
		{A4A88606-063A-483F-A1E7-5E3D0E0127D6}.Debug|Any CPU.ActiveCfg = Debug|Any CPU
		{A4A88606-063A-483F-A1E7-5E3D0E0127D6}.Release|Any CPU.ActiveCfg = Release|Any CPU
	EndGlobalSection
	GlobalSection(SolutionProperties) = preSolution
		HideSolutionNode = FALSE
	EndGlobalSection
	GlobalSection(ExtensibilityGlobals) = postSolution
		SolutionGuid = {062231D2-CAF6-473A-A218-9B14ECB91D1A}
	EndGlobalSection
EndGlobal
